
Microsoft Visual Studio Solution File, Format Version 12.00
# Visual Studio Version 17
VisualStudioVersion = 17.0.32014.148
MinimumVisualStudioVersion = 10.0.40219.1
Project("{FAE04EC0-301F-11D3-BF4B-00C04F79EFBC}") = "ASP_API_KEY", "ASP_API_KEY\ASP_API_KEY.csproj", "{646D1305-E441-419C-BBB6-C94856746229}"
EndProject
Global
	GlobalSection(SolutionConfigurationPlatforms) = preSolution
		Debug|Any CPU = Debug|Any CPU
		Release|Any CPU = Release|Any CPU
	EndGlobalSection
	GlobalSection(ProjectConfigurationPlatforms) = postSolution
		{646D1305-E441-419C-BBB6-C94856746229}.Debug|Any CPU.ActiveCfg = Debug|Any CPU
		{646D1305-E441-419C-BBB6-C94856746229}.Debug|Any CPU.Build.0 = Debug|Any CPU
		{646D1305-E441-419C-BBB6-C94856746229}.Release|Any CPU.ActiveCfg = Release|Any CPU
		{646D1305-E441-419C-BBB6-C94856746229}.Release|Any CPU.Build.0 = Release|Any CPU
	EndGlobalSection
	GlobalSection(SolutionProperties) = preSolution
		HideSolutionNode = FALSE
	EndGlobalSection
	GlobalSection(ExtensibilityGlobals) = postSolution
		SolutionGuid = {3344F0CE-C42A-48E2-9577-8BEEB1123B00}
	EndGlobalSection
EndGlobal
